{
  "name": "web-proxy",
  "version": "0.0.1",
  "dependencies": {
    "express": {
      "version": "2.5.9",
      "dependencies": {
        "connect": {
          "version": "1.8.7",
          "dependencies": {
            "qs": {
              "version": "0.5.0"
            },
            "mime": {
              "version": "1.2.5"
            },
            "formidable": {
              "version": "1.0.11"
            }
          }
        },
        "mime": {
          "version": "1.2.4"
        },
        "qs": {
          "version": "0.4.2"
        },
        "mkdirp": {
          "version": "0.3.0"
        }
      }
    },
    "jade": {
      "version": "0.26.1",
      "dependencies": {
        "commander": {
          "version": "0.5.2"
        },
        "mkdirp": {
          "version": "0.3.0"
        }
      }
    },
    "restler": {
      "version": "2.0.1"
    },
    "yaml": {
      "version": "0.2.3"
    },
    "validator": {
      "version": "0.4.6-2"
    },
    "expresso": {
      "version": "0.9.2"
    },
    "underscore": {
      "version": "1.4.4"
    },
    "jshint": {
      "version": "0.7.1",
      "dependencies": {
        "cli": {
          "version": "0.4.3",
          "dependencies": {
            "glob": {
              "version": "3.1.9",
              "dependencies": {
                "minimatch": {
                  "version": "0.2.5",
                  "dependencies": {
                    "lru-cache": {
                      "version": "1.1.0"
                    }
                  }
                },
                "graceful-fs": {
                  "version": "1.1.8"
                },
                "inherits": {
                  "version": "1.0.0"
                }
              }
            }
          }
        },
        "minimatch": {
          "version": "0.0.5",
          "dependencies": {
            "lru-cache": {
              "version": "1.0.6"
            }
          }
        }
      }
    }
  }
}
