{
  "name": "web-proxy",
  "version": "0.0.1",
  "dependencies": {
    "express": {
      "version": "2.5.9",
      "from": "express@2.5.9",
      "dependencies": {
        "connect": {
          "version": "1.9.2",
          "from": "connect@1.9.2",
          "dependencies": {
            "qs": {
              "version": "0.6.4",
              "from": "qs@0.6.4",
              "resolved": "https://registry.npmjs.org/qs/-/qs-0.6.4.tgz"
            },
            "mime": {
              "version": "1.2.9",
              "from": "mime@1.2.9",
              "resolved": "https://registry.npmjs.org/mime/-/mime-1.2.9.tgz"
            },
            "formidable": {
              "version": "1.0.14",
              "from": "formidable@1.0.14",
              "resolved": "https://registry.npmjs.org/formidable/-/formidable-1.0.14.tgz"
            }
          }
        },
        "mime": {
          "version": "1.2.4",
          "from": "mime@1.2.4"
        },
        "qs": {
          "version": "0.4.2",
          "from": "qs@0.4.2"
        },
        "mkdirp": {
          "version": "0.3.0",
          "from": "mkdirp@0.3.0"
        }
      }
    },
    "jade": {
      "version": "0.26.1",
      "from": "jade@0.26.1",
      "dependencies": {
        "commander": {
          "version": "0.5.2",
          "from": "commander@0.5.2"
        },
        "mkdirp": {
          "version": "0.3.0",
          "from": "mkdirp@0.3.0"
        }
      }
    },
    "get": {
      "version": "1.2.1",
      "from": "https://registry.npmjs.org/get/-/get-1.2.1.tgz",
      "resolved": "https://registry.npmjs.org/get/-/get-1.2.1.tgz"
    },
    "yaml": {
      "version": "0.2.3",
      "from": "yaml@0.2.3"
    },
    "validator": {
      "version": "0.4.6-2",
      "from": "validator@0.4.6-2"
    },
    "expresso": {
      "version": "0.9.2",
      "from": "expresso@0.9.2"
    },
    "underscore": {
      "version": "1.4.4",
      "from": "underscore@1.4.4",
      "resolved": "https://registry.npmjs.org/underscore/-/underscore-1.4.4.tgz"
    },
    "jshint": {
      "version": "0.7.1",
      "from": "jshint@0.7.1",
      "dependencies": {
        "cli": {
          "version": "0.4.3",
          "from": "cli@0.4.3",
          "dependencies": {
            "glob": {
              "version": "3.1.9",
              "from": "glob@3.1.9",
              "dependencies": {
                "minimatch": {
                  "version": "0.2.5",
                  "from": "minimatch@0.2.5",
                  "dependencies": {
                    "lru-cache": {
                      "version": "1.1.0",
                      "from": "lru-cache@1.1.0"
                    }
                  }
                },
                "graceful-fs": {
                  "version": "1.1.8",
                  "from": "graceful-fs@1.1.8"
                },
                "inherits": {
                  "version": "1.0.0",
                  "from": "inherits@1.0.0"
                }
              }
            }
          }
        },
        "minimatch": {
          "version": "0.0.5",
          "from": "minimatch@0.0.5",
          "dependencies": {
            "lru-cache": {
              "version": "1.0.6",
              "from": "lru-cache@1.0.6"
            }
          }
        }
      }
    }
  }
}
